
Microsoft Visual Studio Solution File, Format Version 12.00
# Visual Studio Version 17
VisualStudioVersion = 17.11.35327.3
MinimumVisualStudioVersion = 10.0.40219.1
Project("{FAE04EC0-301F-11D3-BF4B-00C04F79EFBC}") = "Student Database", "Student Database.csproj", "{359CD6BB-612D-4427-ABBA-9B60CE731F22}"
EndProject
Global
	GlobalSection(SolutionConfigurationPlatforms) = preSolution
		Debug|Any CPU = Debug|Any CPU
		Release|Any CPU = Release|Any CPU
	EndGlobalSection
	GlobalSection(ProjectConfigurationPlatforms) = postSolution
		{359CD6BB-612D-4427-ABBA-9B60CE731F22}.Debug|Any CPU.ActiveCfg = Debug|Any CPU
		{359CD6BB-612D-4427-ABBA-9B60CE731F22}.Debug|Any CPU.Build.0 = Debug|Any CPU
		{359CD6BB-612D-4427-ABBA-9B60CE731F22}.Release|Any CPU.ActiveCfg = Release|Any CPU
		{359CD6BB-612D-4427-ABBA-9B60CE731F22}.Release|Any CPU.Build.0 = Release|Any CPU
	EndGlobalSection
	GlobalSection(SolutionProperties) = preSolution
		HideSolutionNode = FALSE
	EndGlobalSection
	GlobalSection(ExtensibilityGlobals) = postSolution
		SolutionGuid = {9342C37E-B904-4B58-8FD8-269C7E458C47}
	EndGlobalSection
EndGlobal
